
Microsoft Visual Studio Solution File, Format Version 12.00
Project("{FAE04EC0-301F-11D3-BF4B-00C04F79EFBC}") = "Core", "Core\Core.csproj", "{A0684EE2-C9F7-4DA7-A34B-480FAEA6AA75}"
EndProject
Project("{FAE04EC0-301F-11D3-BF4B-00C04F79EFBC}") = "StandardShared", "..\StandardShared\StandardShared\StandardShared.csproj", "{4449E9C5-EA76-40E1-90F4-83EB3DF4D0ED}"
EndProject
Global
	GlobalSection(SolutionConfigurationPlatforms) = preSolution
		Debug|Any CPU = Debug|Any CPU
		Release|Any CPU = Release|Any CPU
	EndGlobalSection
	GlobalSection(ProjectConfigurationPlatforms) = postSolution
		{A0684EE2-C9F7-4DA7-A34B-480FAEA6AA75}.Debug|Any CPU.ActiveCfg = Debug|Any CPU
		{A0684EE2-C9F7-4DA7-A34B-480FAEA6AA75}.Debug|Any CPU.Build.0 = Debug|Any CPU
		{A0684EE2-C9F7-4DA7-A34B-480FAEA6AA75}.Release|Any CPU.ActiveCfg = Release|Any CPU
		{A0684EE2-C9F7-4DA7-A34B-480FAEA6AA75}.Release|Any CPU.Build.0 = Release|Any CPU
		{4449E9C5-EA76-40E1-90F4-83EB3DF4D0ED}.Debug|Any CPU.ActiveCfg = Debug|Any CPU
		{4449E9C5-EA76-40E1-90F4-83EB3DF4D0ED}.Debug|Any CPU.Build.0 = Debug|Any CPU
		{4449E9C5-EA76-40E1-90F4-83EB3DF4D0ED}.Release|Any CPU.ActiveCfg = Release|Any CPU
		{4449E9C5-EA76-40E1-90F4-83EB3DF4D0ED}.Release|Any CPU.Build.0 = Release|Any CPU
	EndGlobalSection
EndGlobal
